
Microsoft Visual Studio Solution File, Format Version 12.00
# Visual Studio Version 16
VisualStudioVersion = 16.6.30114.105
MinimumVisualStudioVersion = 10.0.40219.1
Project("{2150E333-8FDC-42A3-9474-1A3956D46DE8}") = "Reporting", "Reporting", "{C9FFB5E7-7A85-45BF-B15D-7017A967BD38}"
EndProject
Project("{2150E333-8FDC-42A3-9474-1A3956D46DE8}") = "src", "src", "{7C44B66E-E278-4335-A2E2-77929F7D25F0}"
EndProject
Project("{FAE04EC0-301F-11D3-BF4B-00C04F79EFBC}") = "Reporting.WebApi", "Reporting\src\Reporting.WebApi\Reporting.WebApi.csproj", "{2329B3D2-09A7-4AEE-90A2-A601BC89973F}"
EndProject
Project("{FAE04EC0-301F-11D3-BF4B-00C04F79EFBC}") = "Reporting.Core", "Reporting\src\Reporting.Core\Reporting.Core.csproj", "{652DBEF5-0A75-4AFB-A6EB-BCDBF9B9AC02}"
EndProject
Project("{FAE04EC0-301F-11D3-BF4B-00C04F79EFBC}") = "Reporting.Infrastructure", "Reporting\src\Reporting.Infrastructure\Reporting.Infrastructure.csproj", "{3AFACD19-C4A7-48CA-BBB5-0CEF3771A6FB}"
EndProject
Project("{2150E333-8FDC-42A3-9474-1A3956D46DE8}") = "tests", "tests", "{7CE2580A-D452-487E-A121-B756212413F1}"
EndProject
Project("{FAE04EC0-301F-11D3-BF4B-00C04F79EFBC}") = "Reporting.IntegrationTests", "Reporting\tests\Reporting.IntegrationTests\Reporting.IntegrationTests.csproj", "{51312764-57EB-48A0-8B59-867A88ABDB7C}"
EndProject
Project("{FAE04EC0-301F-11D3-BF4B-00C04F79EFBC}") = "Reporting.FunctionalTests", "Reporting\tests\Reporting.FunctionalTests\Reporting.FunctionalTests.csproj", "{FA82399C-ED57-4D09-A7DF-73AEDF505FF6}"
EndProject
Project("{FAE04EC0-301F-11D3-BF4B-00C04F79EFBC}") = "Reporting.SharedTestHelpers", "Reporting\tests\Reporting.SharedTestHelpers\Reporting.SharedTestHelpers.csproj", "{3C883984-246C-424C-9632-E4B44767ADF8}"
EndProject
Project("{FAE04EC0-301F-11D3-BF4B-00C04F79EFBC}") = "Reporting.UnitTests", "Reporting\tests\Reporting.UnitTests\Reporting.UnitTests.csproj", "{E47EB6E8-F859-4B1D-9A2E-EB44B32F9E2D}"
EndProject
Global
	GlobalSection(SolutionConfigurationPlatforms) = preSolution
		Debug|Any CPU = Debug|Any CPU
		Debug|x64 = Debug|x64
		Debug|x86 = Debug|x86
		Release|Any CPU = Release|Any CPU
		Release|x64 = Release|x64
		Release|x86 = Release|x86
	EndGlobalSection
	GlobalSection(SolutionProperties) = preSolution
		HideSolutionNode = FALSE
	EndGlobalSection
	GlobalSection(ProjectConfigurationPlatforms) = postSolution
		{2329B3D2-09A7-4AEE-90A2-A601BC89973F}.Debug|Any CPU.ActiveCfg = Debug|Any CPU
		{2329B3D2-09A7-4AEE-90A2-A601BC89973F}.Debug|Any CPU.Build.0 = Debug|Any CPU
		{2329B3D2-09A7-4AEE-90A2-A601BC89973F}.Debug|x64.ActiveCfg = Debug|Any CPU
		{2329B3D2-09A7-4AEE-90A2-A601BC89973F}.Debug|x64.Build.0 = Debug|Any CPU
		{2329B3D2-09A7-4AEE-90A2-A601BC89973F}.Debug|x86.ActiveCfg = Debug|Any CPU
		{2329B3D2-09A7-4AEE-90A2-A601BC89973F}.Debug|x86.Build.0 = Debug|Any CPU
		{2329B3D2-09A7-4AEE-90A2-A601BC89973F}.Release|Any CPU.ActiveCfg = Release|Any CPU
		{2329B3D2-09A7-4AEE-90A2-A601BC89973F}.Release|Any CPU.Build.0 = Release|Any CPU
		{2329B3D2-09A7-4AEE-90A2-A601BC89973F}.Release|x64.ActiveCfg = Release|Any CPU
		{2329B3D2-09A7-4AEE-90A2-A601BC89973F}.Release|x64.Build.0 = Release|Any CPU
		{2329B3D2-09A7-4AEE-90A2-A601BC89973F}.Release|x86.ActiveCfg = Release|Any CPU
		{2329B3D2-09A7-4AEE-90A2-A601BC89973F}.Release|x86.Build.0 = Release|Any CPU
		{652DBEF5-0A75-4AFB-A6EB-BCDBF9B9AC02}.Debug|Any CPU.ActiveCfg = Debug|Any CPU
		{652DBEF5-0A75-4AFB-A6EB-BCDBF9B9AC02}.Debug|Any CPU.Build.0 = Debug|Any CPU
		{652DBEF5-0A75-4AFB-A6EB-BCDBF9B9AC02}.Debug|x64.ActiveCfg = Debug|Any CPU
		{652DBEF5-0A75-4AFB-A6EB-BCDBF9B9AC02}.Debug|x64.Build.0 = Debug|Any CPU
		{652DBEF5-0A75-4AFB-A6EB-BCDBF9B9AC02}.Debug|x86.ActiveCfg = Debug|Any CPU
		{652DBEF5-0A75-4AFB-A6EB-BCDBF9B9AC02}.Debug|x86.Build.0 = Debug|Any CPU
		{652DBEF5-0A75-4AFB-A6EB-BCDBF9B9AC02}.Release|Any CPU.ActiveCfg = Release|Any CPU
		{652DBEF5-0A75-4AFB-A6EB-BCDBF9B9AC02}.Release|Any CPU.Build.0 = Release|Any CPU
		{652DBEF5-0A75-4AFB-A6EB-BCDBF9B9AC02}.Release|x64.ActiveCfg = Release|Any CPU
		{652DBEF5-0A75-4AFB-A6EB-BCDBF9B9AC02}.Release|x64.Build.0 = Release|Any CPU
		{652DBEF5-0A75-4AFB-A6EB-BCDBF9B9AC02}.Release|x86.ActiveCfg = Release|Any CPU
		{652DBEF5-0A75-4AFB-A6EB-BCDBF9B9AC02}.Release|x86.Build.0 = Release|Any CPU
		{3AFACD19-C4A7-48CA-BBB5-0CEF3771A6FB}.Debug|Any CPU.ActiveCfg = Debug|Any CPU
		{3AFACD19-C4A7-48CA-BBB5-0CEF3771A6FB}.Debug|Any CPU.Build.0 = Debug|Any CPU
		{3AFACD19-C4A7-48CA-BBB5-0CEF3771A6FB}.Debug|x64.ActiveCfg = Debug|Any CPU
		{3AFACD19-C4A7-48CA-BBB5-0CEF3771A6FB}.Debug|x64.Build.0 = Debug|Any CPU
		{3AFACD19-C4A7-48CA-BBB5-0CEF3771A6FB}.Debug|x86.ActiveCfg = Debug|Any CPU
		{3AFACD19-C4A7-48CA-BBB5-0CEF3771A6FB}.Debug|x86.Build.0 = Debug|Any CPU
		{3AFACD19-C4A7-48CA-BBB5-0CEF3771A6FB}.Release|Any CPU.ActiveCfg = Release|Any CPU
		{3AFACD19-C4A7-48CA-BBB5-0CEF3771A6FB}.Release|Any CPU.Build.0 = Release|Any CPU
		{3AFACD19-C4A7-48CA-BBB5-0CEF3771A6FB}.Release|x64.ActiveCfg = Release|Any CPU
		{3AFACD19-C4A7-48CA-BBB5-0CEF3771A6FB}.Release|x64.Build.0 = Release|Any CPU
		{3AFACD19-C4A7-48CA-BBB5-0CEF3771A6FB}.Release|x86.ActiveCfg = Release|Any CPU
		{3AFACD19-C4A7-48CA-BBB5-0CEF3771A6FB}.Release|x86.Build.0 = Release|Any CPU
		{51312764-57EB-48A0-8B59-867A88ABDB7C}.Debug|Any CPU.ActiveCfg = Debug|Any CPU
		{51312764-57EB-48A0-8B59-867A88ABDB7C}.Debug|Any CPU.Build.0 = Debug|Any CPU
		{51312764-57EB-48A0-8B59-867A88ABDB7C}.Debug|x64.ActiveCfg = Debug|Any CPU
		{51312764-57EB-48A0-8B59-867A88ABDB7C}.Debug|x64.Build.0 = Debug|Any CPU
		{51312764-57EB-48A0-8B59-867A88ABDB7C}.Debug|x86.ActiveCfg = Debug|Any CPU
		{51312764-57EB-48A0-8B59-867A88ABDB7C}.Debug|x86.Build.0 = Debug|Any CPU
		{51312764-57EB-48A0-8B59-867A88ABDB7C}.Release|Any CPU.ActiveCfg = Release|Any CPU
		{51312764-57EB-48A0-8B59-867A88ABDB7C}.Release|Any CPU.Build.0 = Release|Any CPU
		{51312764-57EB-48A0-8B59-867A88ABDB7C}.Release|x64.ActiveCfg = Release|Any CPU
		{51312764-57EB-48A0-8B59-867A88ABDB7C}.Release|x64.Build.0 = Release|Any CPU
		{51312764-57EB-48A0-8B59-867A88ABDB7C}.Release|x86.ActiveCfg = Release|Any CPU
		{51312764-57EB-48A0-8B59-867A88ABDB7C}.Release|x86.Build.0 = Release|Any CPU
		{FA82399C-ED57-4D09-A7DF-73AEDF505FF6}.Debug|Any CPU.ActiveCfg = Debug|Any CPU
		{FA82399C-ED57-4D09-A7DF-73AEDF505FF6}.Debug|Any CPU.Build.0 = Debug|Any CPU
		{FA82399C-ED57-4D09-A7DF-73AEDF505FF6}.Debug|x64.ActiveCfg = Debug|Any CPU
		{FA82399C-ED57-4D09-A7DF-73AEDF505FF6}.Debug|x64.Build.0 = Debug|Any CPU
		{FA82399C-ED57-4D09-A7DF-73AEDF505FF6}.Debug|x86.ActiveCfg = Debug|Any CPU
		{FA82399C-ED57-4D09-A7DF-73AEDF505FF6}.Debug|x86.Build.0 = Debug|Any CPU
		{FA82399C-ED57-4D09-A7DF-73AEDF505FF6}.Release|Any CPU.ActiveCfg = Release|Any CPU
		{FA82399C-ED57-4D09-A7DF-73AEDF505FF6}.Release|Any CPU.Build.0 = Release|Any CPU
		{FA82399C-ED57-4D09-A7DF-73AEDF505FF6}.Release|x64.ActiveCfg = Release|Any CPU
		{FA82399C-ED57-4D09-A7DF-73AEDF505FF6}.Release|x64.Build.0 = Release|Any CPU
		{FA82399C-ED57-4D09-A7DF-73AEDF505FF6}.Release|x86.ActiveCfg = Release|Any CPU
		{FA82399C-ED57-4D09-A7DF-73AEDF505FF6}.Release|x86.Build.0 = Release|Any CPU
		{3C883984-246C-424C-9632-E4B44767ADF8}.Debug|Any CPU.ActiveCfg = Debug|Any CPU
		{3C883984-246C-424C-9632-E4B44767ADF8}.Debug|Any CPU.Build.0 = Debug|Any CPU
		{3C883984-246C-424C-9632-E4B44767ADF8}.Debug|x64.ActiveCfg = Debug|Any CPU
		{3C883984-246C-424C-9632-E4B44767ADF8}.Debug|x64.Build.0 = Debug|Any CPU
		{3C883984-246C-424C-9632-E4B44767ADF8}.Debug|x86.ActiveCfg = Debug|Any CPU
		{3C883984-246C-424C-9632-E4B44767ADF8}.Debug|x86.Build.0 = Debug|Any CPU
		{3C883984-246C-424C-9632-E4B44767ADF8}.Release|Any CPU.ActiveCfg = Release|Any CPU
		{3C883984-246C-424C-9632-E4B44767ADF8}.Release|Any CPU.Build.0 = Release|Any CPU
		{3C883984-246C-424C-9632-E4B44767ADF8}.Release|x64.ActiveCfg = Release|Any CPU
		{3C883984-246C-424C-9632-E4B44767ADF8}.Release|x64.Build.0 = Release|Any CPU
		{3C883984-246C-424C-9632-E4B44767ADF8}.Release|x86.ActiveCfg = Release|Any CPU
		{3C883984-246C-424C-9632-E4B44767ADF8}.Release|x86.Build.0 = Release|Any CPU
		{E47EB6E8-F859-4B1D-9A2E-EB44B32F9E2D}.Debug|Any CPU.ActiveCfg = Debug|Any CPU
		{E47EB6E8-F859-4B1D-9A2E-EB44B32F9E2D}.Debug|Any CPU.Build.0 = Debug|Any CPU
		{E47EB6E8-F859-4B1D-9A2E-EB44B32F9E2D}.Debug|x64.ActiveCfg = Debug|Any CPU
		{E47EB6E8-F859-4B1D-9A2E-EB44B32F9E2D}.Debug|x64.Build.0 = Debug|Any CPU
		{E47EB6E8-F859-4B1D-9A2E-EB44B32F9E2D}.Debug|x86.ActiveCfg = Debug|Any CPU
		{E47EB6E8-F859-4B1D-9A2E-EB44B32F9E2D}.Debug|x86.Build.0 = Debug|Any CPU
		{E47EB6E8-F859-4B1D-9A2E-EB44B32F9E2D}.Release|Any CPU.ActiveCfg = Release|Any CPU
		{E47EB6E8-F859-4B1D-9A2E-EB44B32F9E2D}.Release|Any CPU.Build.0 = Release|Any CPU
		{E47EB6E8-F859-4B1D-9A2E-EB44B32F9E2D}.Release|x64.ActiveCfg = Release|Any CPU
		{E47EB6E8-F859-4B1D-9A2E-EB44B32F9E2D}.Release|x64.Build.0 = Release|Any CPU
		{E47EB6E8-F859-4B1D-9A2E-EB44B32F9E2D}.Release|x86.ActiveCfg = Release|Any CPU
		{E47EB6E8-F859-4B1D-9A2E-EB44B32F9E2D}.Release|x86.Build.0 = Release|Any CPU
	EndGlobalSection
	GlobalSection(NestedProjects) = preSolution
		{7C44B66E-E278-4335-A2E2-77929F7D25F0} = {C9FFB5E7-7A85-45BF-B15D-7017A967BD38}
		{2329B3D2-09A7-4AEE-90A2-A601BC89973F} = {7C44B66E-E278-4335-A2E2-77929F7D25F0}
		{652DBEF5-0A75-4AFB-A6EB-BCDBF9B9AC02} = {7C44B66E-E278-4335-A2E2-77929F7D25F0}
		{3AFACD19-C4A7-48CA-BBB5-0CEF3771A6FB} = {7C44B66E-E278-4335-A2E2-77929F7D25F0}
		{7CE2580A-D452-487E-A121-B756212413F1} = {C9FFB5E7-7A85-45BF-B15D-7017A967BD38}
		{51312764-57EB-48A0-8B59-867A88ABDB7C} = {7CE2580A-D452-487E-A121-B756212413F1}
		{FA82399C-ED57-4D09-A7DF-73AEDF505FF6} = {7CE2580A-D452-487E-A121-B756212413F1}
		{3C883984-246C-424C-9632-E4B44767ADF8} = {7CE2580A-D452-487E-A121-B756212413F1}
		{E47EB6E8-F859-4B1D-9A2E-EB44B32F9E2D} = {7CE2580A-D452-487E-A121-B756212413F1}
	EndGlobalSection
EndGlobal
